// !$*UTF8*$!
{
	archiveVersion = 1;
	classes = {
	};
	objectVersion = 56;
	objects = {

/* Begin PBXBuildFile section */
		F1EA31D32A43882F004CE702 /* Week2_HW2_ProjectApp.swift in Sources */ = {isa = PBXBuildFile; fileRef = F1EA31D22A43882F004CE702 /* Week2_HW2_ProjectApp.swift */; };
		F1EA31D52A43882F004CE702 /* ContentView.swift in Sources */ = {isa = PBXBuildFile; fileRef = F1EA31D42A43882F004CE702 /* ContentView.swift */; };
		F1EA31D72A438833004CE702 /* Assets.xcassets in Resources */ = {isa = PBXBuildFile; fileRef = F1EA31D62A438833004CE702 /* Assets.xcassets */; };
		F1EA31DB2A438833004CE702 /* Preview Assets.xcassets in Resources */ = {isa = PBXBuildFile; fileRef = F1EA31DA2A438833004CE702 /* Preview Assets.xcassets */; };
		F1EA31E82A438AA7004CE702 /* UserViewModel.swift in Sources */ = {isa = PBXBuildFile; fileRef = F1EA31E72A438AA7004CE702 /* UserViewModel.swift */; };
		F1EA31EA2A438B1A004CE702 /* UserService.swift in Sources */ = {isa = PBXBuildFile; fileRef = F1EA31E92A438B1A004CE702 /* UserService.swift */; };
		F1EA31EC2A438C12004CE702 /* UserModel.swift in Sources */ = {isa = PBXBuildFile; fileRef = F1EA31EB2A438C12004CE702 /* UserModel.swift */; };
/* End PBXBuildFile section */

/* Begin PBXFileReference section */
		F1EA31CF2A43882F004CE702 /* Week2_HW2_Project.app */ = {isa = PBXFileReference; explicitFileType = wrapper.application; includeInIndex = 0; path = Week2_HW2_Project.app; sourceTree = BUILT_PRODUCTS_DIR; };
		F1EA31D22A43882F004CE702 /* Week2_HW2_ProjectApp.swift */ = {isa = PBXFileReference; lastKnownFileType = sourcecode.swift; path = Week2_HW2_ProjectApp.swift; sourceTree = "<group>"; };
		F1EA31D42A43882F004CE702 /* ContentView.swift */ = {isa = PBXFileReference; lastKnownFileType = sourcecode.swift; path = ContentView.swift; sourceTree = "<group>"; };
		F1EA31D62A438833004CE702 /* Assets.xcassets */ = {isa = PBXFileReference; lastKnownFileType = folder.assetcatalog; path = Assets.xcassets; sourceTree = "<group>"; };
		F1EA31D82A438833004CE702 /* Week2_HW2_Project.entitlements */ = {isa = PBXFileReference; lastKnownFileType = text.plist.entitlements; path = Week2_HW2_Project.entitlements; sourceTree = "<group>"; };
		F1EA31DA2A438833004CE702 /* Preview Assets.xcassets */ = {isa = PBXFileReference; lastKnownFileType = folder.assetcatalog; path = "Preview Assets.xcassets"; sourceTree = "<group>"; };
		F1EA31E72A438AA7004CE702 /* UserViewModel.swift */ = {isa = PBXFileReference; lastKnownFileType = sourcecode.swift; path = UserViewModel.swift; sourceTree = "<group>"; };
		F1EA31E92A438B1A004CE702 /* UserService.swift */ = {isa = PBXFileReference; lastKnownFileType = sourcecode.swift; path = UserService.swift; sourceTree = "<group>"; };
		F1EA31EB2A438C12004CE702 /* UserModel.swift */ = {isa = PBXFileReference; lastKnownFileType = sourcecode.swift; path = UserModel.swift; sourceTree = "<group>"; };
/* End PBXFileReference section */

/* Begin PBXFrameworksBuildPhase section */
		F1EA31CC2A43882F004CE702 /* Frameworks */ = {
			isa = PBXFrameworksBuildPhase;
			buildActionMask = 2147483647;
			files = (
			);
			runOnlyForDeploymentPostprocessing = 0;
		};
/* End PBXFrameworksBuildPhase section */

/* Begin PBXGroup section */
		F1EA31C62A43882F004CE702 = {
			isa = PBXGroup;
			children = (
				F1EA31D12A43882F004CE702 /* Week2_HW2_Project */,
				F1EA31D02A43882F004CE702 /* Products */,
			);
			sourceTree = "<group>";
		};
		F1EA31D02A43882F004CE702 /* Products */ = {
			isa = PBXGroup;
			children = (
				F1EA31CF2A43882F004CE702 /* Week2_HW2_Project.app */,
			);
			name = Products;
			sourceTree = "<group>";
		};
		F1EA31D12A43882F004CE702 /* Week2_HW2_Project */ = {
			isa = PBXGroup;
			children = (
				F1EA31E22A43892E004CE702 /* Screens */,
				F1EA31D22A43882F004CE702 /* Week2_HW2_ProjectApp.swift */,
				F1EA31D62A438833004CE702 /* Assets.xcassets */,
				F1EA31D82A438833004CE702 /* Week2_HW2_Project.entitlements */,
				F1EA31D92A438833004CE702 /* Preview Content */,
			);
			path = Week2_HW2_Project;
			sourceTree = "<group>";
		};
		F1EA31D92A438833004CE702 /* Preview Content */ = {
			isa = PBXGroup;
			children = (
				F1EA31DA2A438833004CE702 /* Preview Assets.xcassets */,
			);
			path = "Preview Content";
			sourceTree = "<group>";
		};
		F1EA31E12A438904004CE702 /* Network */ = {
			isa = PBXGroup;
			children = (
				F1EA31E92A438B1A004CE702 /* UserService.swift */,
			);
			path = Network;
			sourceTree = "<group>";
		};
		F1EA31E22A43892E004CE702 /* Screens */ = {
			isa = PBXGroup;
			children = (
				F1EA31E32A438933004CE702 /* PostDetails */,
				F1EA31E42A43893D004CE702 /* Posts */,
			);
			path = Screens;
			sourceTree = "<group>";
		};
		F1EA31E32A438933004CE702 /* PostDetails */ = {
			isa = PBXGroup;
			children = (
			);
			path = PostDetails;
			sourceTree = "<group>";
		};
		F1EA31E42A43893D004CE702 /* Posts */ = {
			isa = PBXGroup;
			children = (
				F1EA31E62A438962004CE702 /* Views */,
				F1EA31E12A438904004CE702 /* Network */,
				F1EA31E52A43894B004CE702 /* Model */,
			);
			path = Posts;
			sourceTree = "<group>";
		};
		F1EA31E52A43894B004CE702 /* Model */ = {
			isa = PBXGroup;
			children = (
				F1EA31E72A438AA7004CE702 /* UserViewModel.swift */,
				F1EA31EB2A438C12004CE702 /* UserModel.swift */,
			);
			path = Model;
			sourceTree = "<group>";
		};
		F1EA31E62A438962004CE702 /* Views */ = {
			isa = PBXGroup;
			children = (
				F1EA31D42A43882F004CE702 /* ContentView.swift */,
			);
			path = Views;
			sourceTree = "<group>";
		};
/* End PBXGroup section */

/* Begin PBXNativeTarget section */
		F1EA31CE2A43882F004CE702 /* Week2_HW2_Project */ = {
			isa = PBXNativeTarget;
			buildConfigurationList = F1EA31DE2A438833004CE702 /* Build configuration list for PBXNativeTarget "Week2_HW2_Project" */;
			buildPhases = (
				F1EA31CB2A43882F004CE702 /* Sources */,
				F1EA31CC2A43882F004CE702 /* Frameworks */,
				F1EA31CD2A43882F004CE702 /* Resources */,
			);
			buildRules = (
			);
			dependencies = (
			);
			name = Week2_HW2_Project;
			productName = Week2_HW2_Project;
			productReference = F1EA31CF2A43882F004CE702 /* Week2_HW2_Project.app */;
			productType = "com.apple.product-type.application";
		};
/* End PBXNativeTarget section */

/* Begin PBXProject section */
		F1EA31C72A43882F004CE702 /* Project object */ = {
			isa = PBXProject;
			attributes = {
				BuildIndependentTargetsInParallel = 1;
				LastSwiftUpdateCheck = 1430;
				LastUpgradeCheck = 1430;
				TargetAttributes = {
					F1EA31CE2A43882F004CE702 = {
						CreatedOnToolsVersion = 14.3.1;
					};
				};
			};
			buildConfigurationList = F1EA31CA2A43882F004CE702 /* Build configuration list for PBXProject "Week2_HW2_Project" */;
			compatibilityVersion = "Xcode 14.0";
			developmentRegion = en;
			hasScannedForEncodings = 0;
			knownRegions = (
				en,
				Base,
			);
			mainGroup = F1EA31C62A43882F004CE702;
			productRefGroup = F1EA31D02A43882F004CE702 /* Products */;
			projectDirPath = "";
			projectRoot = "";
			targets = (
				F1EA31CE2A43882F004CE702 /* Week2_HW2_Project */,
			);
		};
/* End PBXProject section */

/* Begin PBXResourcesBuildPhase section */
		F1EA31CD2A43882F004CE702 /* Resources */ = {
			isa = PBXResourcesBuildPhase;
			buildActionMask = 2147483647;
			files = (
				F1EA31DB2A438833004CE702 /* Preview Assets.xcassets in Resources */,
				F1EA31D72A438833004CE702 /* Assets.xcassets in Resources */,
			);
			runOnlyForDeploymentPostprocessing = 0;
		};
/* End PBXResourcesBuildPhase section */

/* Begin PBXSourcesBuildPhase section */
		F1EA31CB2A43882F004CE702 /* Sources */ = {
			isa = PBXSourcesBuildPhase;
			buildActionMask = 2147483647;
			files = (
				F1EA31EA2A438B1A004CE702 /* UserService.swift in Sources */,
				F1EA31D52A43882F004CE702 /* ContentView.swift in Sources */,
				F1EA31E82A438AA7004CE702 /* UserViewModel.swift in Sources */,
				F1EA31EC2A438C12004CE702 /* UserModel.swift in Sources */,
				F1EA31D32A43882F004CE702 /* Week2_HW2_ProjectApp.swift in Sources */,
			);
			runOnlyForDeploymentPostprocessing = 0;
		};
/* End PBXSourcesBuildPhase section */

/* Begin XCBuildConfiguration section */
		F1EA31DC2A438833004CE702 /* Debug */ = {
			isa = XCBuildConfiguration;
			buildSettings = {
				ALWAYS_SEARCH_USER_PATHS = NO;
				CLANG_ANALYZER_NONNULL = YES;
				CLANG_ANALYZER_NUMBER_OBJECT_CONVERSION = YES_AGGRESSIVE;
				CLANG_CXX_LANGUAGE_STANDARD = "gnu++20";
				CLANG_ENABLE_MODULES = YES;
				CLANG_ENABLE_OBJC_ARC = YES;
				CLANG_ENABLE_OBJC_WEAK = YES;
				CLANG_WARN_BLOCK_CAPTURE_AUTORELEASING = YES;
				CLANG_WARN_BOOL_CONVERSION = YES;
				CLANG_WARN_COMMA = YES;
				CLANG_WARN_CONSTANT_CONVERSION = YES;
				CLANG_WARN_DEPRECATED_OBJC_IMPLEMENTATIONS = YES;
				CLANG_WARN_DIRECT_OBJC_ISA_USAGE = YES_ERROR;
				CLANG_WARN_DOCUMENTATION_COMMENTS = YES;
				CLANG_WARN_EMPTY_BODY = YES;
				CLANG_WARN_ENUM_CONVERSION = YES;
				CLANG_WARN_INFINITE_RECURSION = YES;
				CLANG_WARN_INT_CONVERSION = YES;
				CLANG_WARN_NON_LITERAL_NULL_CONVERSION = YES;
				CLANG_WARN_OBJC_IMPLICIT_RETAIN_SELF = YES;
				CLANG_WARN_OBJC_LITERAL_CONVERSION = YES;
				CLANG_WARN_OBJC_ROOT_CLASS = YES_ERROR;
				CLANG_WARN_QUOTED_INCLUDE_IN_FRAMEWORK_HEADER = YES;
				CLANG_WARN_RANGE_LOOP_ANALYSIS = YES;
				CLANG_WARN_STRICT_PROTOTYPES = YES;
				CLANG_WARN_SUSPICIOUS_MOVE = YES;
				CLANG_WARN_UNGUARDED_AVAILABILITY = YES_AGGRESSIVE;
				CLANG_WARN_UNREACHABLE_CODE = YES;
				CLANG_WARN__DUPLICATE_METHOD_MATCH = YES;
				COPY_PHASE_STRIP = NO;
				DEBUG_INFORMATION_FORMAT = dwarf;
				ENABLE_STRICT_OBJC_MSGSEND = YES;
				ENABLE_TESTABILITY = YES;
				GCC_C_LANGUAGE_STANDARD = gnu11;
				GCC_DYNAMIC_NO_PIC = NO;
				GCC_NO_COMMON_BLOCKS = YES;
				GCC_OPTIMIZATION_LEVEL = 0;
				GCC_PREPROCESSOR_DEFINITIONS = (
					"DEBUG=1",
					"$(inherited)",
				);
				GCC_WARN_64_TO_32_BIT_CONVERSION = YES;
				GCC_WARN_ABOUT_RETURN_TYPE = YES_ERROR;
				GCC_WARN_UNDECLARED_SELECTOR = YES;
				GCC_WARN_UNINITIALIZED_AUTOS = YES_AGGRESSIVE;
				GCC_WARN_UNUSED_FUNCTION = YES;
				GCC_WARN_UNUSED_VARIABLE = YES;
				MTL_ENABLE_DEBUG_INFO = INCLUDE_SOURCE;
				MTL_FAST_MATH = YES;
				ONLY_ACTIVE_ARCH = YES;
				SWIFT_ACTIVE_COMPILATION_CONDITIONS = DEBUG;
				SWIFT_OPTIMIZATION_LEVEL = "-Onone";
			};
			name = Debug;
		};
		F1EA31DD2A438833004CE702 /* Release */ = {
			isa = XCBuildConfiguration;
			buildSettings = {
				ALWAYS_SEARCH_USER_PATHS = NO;
				CLANG_ANALYZER_NONNULL = YES;
				CLANG_ANALYZER_NUMBER_OBJECT_CONVERSION = YES_AGGRESSIVE;
				CLANG_CXX_LANGUAGE_STANDARD = "gnu++20";
				CLANG_ENABLE_MODULES = YES;
				CLANG_ENABLE_OBJC_ARC = YES;
				CLANG_ENABLE_OBJC_WEAK = YES;
				CLANG_WARN_BLOCK_CAPTURE_AUTORELEASING = YES;
				CLANG_WARN_BOOL_CONVERSION = YES;
				CLANG_WARN_COMMA = YES;
				CLANG_WARN_CONSTANT_CONVERSION = YES;
				CLANG_WARN_DEPRECATED_OBJC_IMPLEMENTATIONS = YES;
				CLANG_WARN_DIRECT_OBJC_ISA_USAGE = YES_ERROR;
				CLANG_WARN_DOCUMENTATION_COMMENTS = YES;
				CLANG_WARN_EMPTY_BODY = YES;
				CLANG_WARN_ENUM_CONVERSION = YES;
				CLANG_WARN_INFINITE_RECURSION = YES;
				CLANG_WARN_INT_CONVERSION = YES;
				CLANG_WARN_NON_LITERAL_NULL_CONVERSION = YES;
				CLANG_WARN_OBJC_IMPLICIT_RETAIN_SELF = YES;
				CLANG_WARN_OBJC_LITERAL_CONVERSION = YES;
				CLANG_WARN_OBJC_ROOT_CLASS = YES_ERROR;
				CLANG_WARN_QUOTED_INCLUDE_IN_FRAMEWORK_HEADER = YES;
				CLANG_WARN_RANGE_LOOP_ANALYSIS = YES;
				CLANG_WARN_STRICT_PROTOTYPES = YES;
				CLANG_WARN_SUSPICIOUS_MOVE = YES;
				CLANG_WARN_UNGUARDED_AVAILABILITY = YES_AGGRESSIVE;
				CLANG_WARN_UNREACHABLE_CODE = YES;
				CLANG_WARN__DUPLICATE_METHOD_MATCH = YES;
				COPY_PHASE_STRIP = NO;
				DEBUG_INFORMATION_FORMAT = "dwarf-with-dsym";
				ENABLE_NS_ASSERTIONS = NO;
				ENABLE_STRICT_OBJC_MSGSEND = YES;
				GCC_C_LANGUAGE_STANDARD = gnu11;
				GCC_NO_COMMON_BLOCKS = YES;
				GCC_WARN_64_TO_32_BIT_CONVERSION = YES;
				GCC_WARN_ABOUT_RETURN_TYPE = YES_ERROR;
				GCC_WARN_UNDECLARED_SELECTOR = YES;
				GCC_WARN_UNINITIALIZED_AUTOS = YES_AGGRESSIVE;
				GCC_WARN_UNUSED_FUNCTION = YES;
				GCC_WARN_UNUSED_VARIABLE = YES;
				MTL_ENABLE_DEBUG_INFO = NO;
				MTL_FAST_MATH = YES;
				SWIFT_COMPILATION_MODE = wholemodule;
				SWIFT_OPTIMIZATION_LEVEL = "-O";
			};
			name = Release;
		};
		F1EA31DF2A438833004CE702 /* Debug */ = {
			isa = XCBuildConfiguration;
			buildSettings = {
				ASSETCATALOG_COMPILER_APPICON_NAME = AppIcon;
				ASSETCATALOG_COMPILER_GLOBAL_ACCENT_COLOR_NAME = AccentColor;
				CODE_SIGN_ENTITLEMENTS = Week2_HW2_Project/Week2_HW2_Project.entitlements;
				CODE_SIGN_STYLE = Automatic;
				CURRENT_PROJECT_VERSION = 1;
				DEVELOPMENT_ASSET_PATHS = "\"Week2_HW2_Project/Preview Content\"";
				DEVELOPMENT_TEAM = KN9MZ254M3;
				ENABLE_HARDENED_RUNTIME = YES;
				ENABLE_PREVIEWS = YES;
				GENERATE_INFOPLIST_FILE = YES;
				"INFOPLIST_KEY_UIApplicationSceneManifest_Generation[sdk=iphoneos*]" = YES;
				"INFOPLIST_KEY_UIApplicationSceneManifest_Generation[sdk=iphonesimulator*]" = YES;
				"INFOPLIST_KEY_UIApplicationSupportsIndirectInputEvents[sdk=iphoneos*]" = YES;
				"INFOPLIST_KEY_UIApplicationSupportsIndirectInputEvents[sdk=iphonesimulator*]" = YES;
				"INFOPLIST_KEY_UILaunchScreen_Generation[sdk=iphoneos*]" = YES;
				"INFOPLIST_KEY_UILaunchScreen_Generation[sdk=iphonesimulator*]" = YES;
				"INFOPLIST_KEY_UIStatusBarStyle[sdk=iphoneos*]" = UIStatusBarStyleDefault;
				"INFOPLIST_KEY_UIStatusBarStyle[sdk=iphonesimulator*]" = UIStatusBarStyleDefault;
				INFOPLIST_KEY_UISupportedInterfaceOrientations_iPad = "UIInterfaceOrientationPortrait UIInterfaceOrientationPortraitUpsideDown UIInterfaceOrientationLandscapeLeft UIInterfaceOrientationLandscapeRight";
				INFOPLIST_KEY_UISupportedInterfaceOrientations_iPhone = "UIInterfaceOrientationPortrait UIInterfaceOrientationLandscapeLeft UIInterfaceOrientationLandscapeRight";
				IPHONEOS_DEPLOYMENT_TARGET = 16.4;
				LD_RUNPATH_SEARCH_PATHS = "@executable_path/Frameworks";
				"LD_RUNPATH_SEARCH_PATHS[sdk=macosx*]" = "@executable_path/../Frameworks";
				MACOSX_DEPLOYMENT_TARGET = 13.3;
				MARKETING_VERSION = 1.0;
				PRODUCT_BUNDLE_IDENTIFIER = "Quintrix.Week2-HW2-Project";
				PRODUCT_NAME = "$(TARGET_NAME)";
				SDKROOT = auto;
				SUPPORTED_PLATFORMS = "iphoneos iphonesimulator macosx";
				SWIFT_EMIT_LOC_STRINGS = YES;
				SWIFT_VERSION = 5.0;
				TARGETED_DEVICE_FAMILY = "1,2";
			};
			name = Debug;
		};
		F1EA31E02A438833004CE702 /* Release */ = {
			isa = XCBuildConfiguration;
			buildSettings = {
				ASSETCATALOG_COMPILER_APPICON_NAME = AppIcon;
				ASSETCATALOG_COMPILER_GLOBAL_ACCENT_COLOR_NAME = AccentColor;
				CODE_SIGN_ENTITLEMENTS = Week2_HW2_Project/Week2_HW2_Project.entitlements;
				CODE_SIGN_STYLE = Automatic;
				CURRENT_PROJECT_VERSION = 1;
				DEVELOPMENT_ASSET_PATHS = "\"Week2_HW2_Project/Preview Content\"";
				DEVELOPMENT_TEAM = KN9MZ254M3;
				ENABLE_HARDENED_RUNTIME = YES;
				ENABLE_PREVIEWS = YES;
				GENERATE_INFOPLIST_FILE = YES;
				"INFOPLIST_KEY_UIApplicationSceneManifest_Generation[sdk=iphoneos*]" = YES;
				"INFOPLIST_KEY_UIApplicationSceneManifest_Generation[sdk=iphonesimulator*]" = YES;
				"INFOPLIST_KEY_UIApplicationSupportsIndirectInputEvents[sdk=iphoneos*]" = YES;
				"INFOPLIST_KEY_UIApplicationSupportsIndirectInputEvents[sdk=iphonesimulator*]" = YES;
				"INFOPLIST_KEY_UILaunchScreen_Generation[sdk=iphoneos*]" = YES;
				"INFOPLIST_KEY_UILaunchScreen_Generation[sdk=iphonesimulator*]" = YES;
				"INFOPLIST_KEY_UIStatusBarStyle[sdk=iphoneos*]" = UIStatusBarStyleDefault;
				"INFOPLIST_KEY_UIStatusBarStyle[sdk=iphonesimulator*]" = UIStatusBarStyleDefault;
				INFOPLIST_KEY_UISupportedInterfaceOrientations_iPad = "UIInterfaceOrientationPortrait UIInterfaceOrientationPortraitUpsideDown UIInterfaceOrientationLandscapeLeft UIInterfaceOrientationLandscapeRight";
				INFOPLIST_KEY_UISupportedInterfaceOrientations_iPhone = "UIInterfaceOrientationPortrait UIInterfaceOrientationLandscapeLeft UIInterfaceOrientationLandscapeRight";
				IPHONEOS_DEPLOYMENT_TARGET = 16.4;
				LD_RUNPATH_SEARCH_PATHS = "@executable_path/Frameworks";
				"LD_RUNPATH_SEARCH_PATHS[sdk=macosx*]" = "@executable_path/../Frameworks";
				MACOSX_DEPLOYMENT_TARGET = 13.3;
				MARKETING_VERSION = 1.0;
				PRODUCT_BUNDLE_IDENTIFIER = "Quintrix.Week2-HW2-Project";
				PRODUCT_NAME = "$(TARGET_NAME)";
				SDKROOT = auto;
				SUPPORTED_PLATFORMS = "iphoneos iphonesimulator macosx";
				SWIFT_EMIT_LOC_STRINGS = YES;
				SWIFT_VERSION = 5.0;
				TARGETED_DEVICE_FAMILY = "1,2";
			};
			name = Release;
		};
/* End XCBuildConfiguration section */

/* Begin XCConfigurationList section */
		F1EA31CA2A43882F004CE702 /* Build configuration list for PBXProject "Week2_HW2_Project" */ = {
			isa = XCConfigurationList;
			buildConfigurations = (
				F1EA31DC2A438833004CE702 /* Debug */,
				F1EA31DD2A438833004CE702 /* Release */,
			);
			defaultConfigurationIsVisible = 0;
			defaultConfigurationName = Release;
		};
		F1EA31DE2A438833004CE702 /* Build configuration list for PBXNativeTarget "Week2_HW2_Project" */ = {
			isa = XCConfigurationList;
			buildConfigurations = (
				F1EA31DF2A438833004CE702 /* Debug */,
				F1EA31E02A438833004CE702 /* Release */,
			);
			defaultConfigurationIsVisible = 0;
			defaultConfigurationName = Release;
		};
/* End XCConfigurationList section */
	};
	rootObject = F1EA31C72A43882F004CE702 /* Project object */;
}
